
Microsoft Visual Studio Solution File, Format Version 12.00
# Visual Studio Version 16
VisualStudioVersion = 16.0.31624.102
MinimumVisualStudioVersion = 10.0.40219.1
Project("{FAE04EC0-301F-11D3-BF4B-00C04F79EFBC}") = "WebApiShoesStoreDACN", "WebApiShoesStoreDACN\WebApiShoesStoreDACN.csproj", "{28D6AB11-1BE7-43A7-970A-389C160CBD7B}"
EndProject
Global
	GlobalSection(SolutionConfigurationPlatforms) = preSolution
		Debug|Any CPU = Debug|Any CPU
		Release|Any CPU = Release|Any CPU
	EndGlobalSection
	GlobalSection(ProjectConfigurationPlatforms) = postSolution
		{28D6AB11-1BE7-43A7-970A-389C160CBD7B}.Debug|Any CPU.ActiveCfg = Debug|Any CPU
		{28D6AB11-1BE7-43A7-970A-389C160CBD7B}.Debug|Any CPU.Build.0 = Debug|Any CPU
		{28D6AB11-1BE7-43A7-970A-389C160CBD7B}.Release|Any CPU.ActiveCfg = Release|Any CPU
		{28D6AB11-1BE7-43A7-970A-389C160CBD7B}.Release|Any CPU.Build.0 = Release|Any CPU
	EndGlobalSection
	GlobalSection(SolutionProperties) = preSolution
		HideSolutionNode = FALSE
	EndGlobalSection
	GlobalSection(ExtensibilityGlobals) = postSolution
		SolutionGuid = {C291983F-953A-47FF-B6CB-92B02AE6C089}
	EndGlobalSection
EndGlobal
